
Microsoft Visual Studio Solution File, Format Version 12.00
# Visual Studio 15
VisualStudioVersion = 15.0.28307.271
MinimumVisualStudioVersion = 10.0.40219.1
Project("{8BC9CEB8-8B4A-11D0-8D11-00A0C91BC942}") = "arduino_quantum_rx", "arduino_quantum_rx.vcxproj", "{D6B47CD0-14DA-4D99-8D0F-54C85E36C08C}"
EndProject
Global
	GlobalSection(SolutionConfigurationPlatforms) = preSolution
		Debug|x86 = Debug|x86
		Release|x86 = Release|x86
	EndGlobalSection
	GlobalSection(ProjectConfigurationPlatforms) = postSolution
		{D6B47CD0-14DA-4D99-8D0F-54C85E36C08C}.Debug|x86.ActiveCfg = Debug|Win32
		{D6B47CD0-14DA-4D99-8D0F-54C85E36C08C}.Debug|x86.Build.0 = Debug|Win32
		{D6B47CD0-14DA-4D99-8D0F-54C85E36C08C}.Release|x86.ActiveCfg = Release|Win32
		{D6B47CD0-14DA-4D99-8D0F-54C85E36C08C}.Release|x86.Build.0 = Release|Win32
	EndGlobalSection
	GlobalSection(SolutionProperties) = preSolution
		HideSolutionNode = FALSE
	EndGlobalSection
	GlobalSection(ExtensibilityGlobals) = postSolution
		SolutionGuid = {D4F6BC90-8FCC-4379-9C33-C3FA9B6B67C1}
	EndGlobalSection
EndGlobal
