<?xml version="1.0" encoding="utf-8"?>
<Project ToolsVersion="4.0" xmlns="http://schemas.microsoft.com/developer/msbuild/2003">
  <ItemGroup>
    <Filter Include="Source Files">
      <UniqueIdentifier>{4FC737F1-C7A5-4376-A066-2A32D752A2FF}</UniqueIdentifier>
      <Extensions>cpp;c;cc;cxx;def;odl;idl;hpj;bat;asm;asmx</Extensions>
    </Filter>
    <Filter Include="Header Files">
      <UniqueIdentifier>{93995380-89BD-4b04-88EB-625FBE52EBFB}</UniqueIdentifier>
      <Extensions>h;hh;hpp;hxx;hm;inl;inc;ipp;xsd</Extensions>
    </Filter>
    <Filter Include="Resource Files">
      <UniqueIdentifier>{67DA6AB6-F800-4c08-8B7A-83BB121AAD01}</UniqueIdentifier>
      <Extensions>rc;ico;cur;bmp;dlg;rc2;rct;bin;rgs;gif;jpg;jpeg;jpe;resx;tiff;tif;png;wav;mfcribbon-ms</Extensions>
    </Filter>
  </ItemGroup>
  <ItemGroup>
    <ClCompile Include="DvQuantumTxRx_sdf.cpp">
      <Filter>Source Files</Filter>
    </ClCompile>
    <ClCompile Include="..\..\lib\netxpto_20180815.cpp">
      <Filter>Source Files</Filter>
    </ClCompile>
    <ClCompile Include="..\..\lib\mux2To1_20190404.cpp">
      <Filter>Source Files</Filter>
    </ClCompile>
    <ClCompile Include="..\..\lib\parallelToSerial_20190404.cpp">
      <Filter>Source Files</Filter>
    </ClCompile>
    <ClCompile Include="..\..\lib\binary_source_20180815.cpp">
      <Filter>Source Files</Filter>
    </ClCompile>
    <ClCompile Include="..\..\lib\m_qam_mapper_20180815.cpp">
      <Filter>Source Files</Filter>
    </ClCompile>
    <ClCompile Include="..\..\lib\sink_20180815.cpp">
      <Filter>Source Files</Filter>
    </ClCompile>
    <ClCompile Include="..\..\lib\discrete_to_continuous_time_20190406.cpp">
      <Filter>Source Files</Filter>
    </ClCompile>
    <ClCompile Include="..\..\lib\pulse_shaper_20180815.cpp">
      <Filter>Source Files</Filter>
    </ClCompile>
    <ClCompile Include="..\..\lib\laser_20190408.cpp">
      <Filter>Source Files</Filter>
    </ClCompile>
    <ClCompile Include="..\..\lib\time_delay_20180815.cpp">
      <Filter>Source Files</Filter>
    </ClCompile>
    <ClCompile Include="..\..\lib\optical_attenuator_20180304.cpp">
      <Filter>Source Files</Filter>
    </ClCompile>
    <ClCompile Include="..\..\lib\polarization_beam_splitter_20181113.cpp">
      <Filter>Source Files</Filter>
    </ClCompile>
    <ClCompile Include="..\..\lib\fork_20180815.cpp">
      <Filter>Source Files</Filter>
    </ClCompile>
    <ClCompile Include="..\..\lib\clock_20181113.cpp">
      <Filter>Source Files</Filter>
    </ClCompile>
    <ClCompile Include="..\..\lib\coincidence_detector_20181113.cpp">
      <Filter>Source Files</Filter>
    </ClCompile>
    <ClCompile Include="lib\AliceQTx_20190404.cpp">
      <Filter>Source Files</Filter>
    </ClCompile>
    <ClCompile Include="lib\amplitude_modulator_20190418.cpp">
      <Filter>Source Files</Filter>
    </ClCompile>
    <ClCompile Include="lib\BobQRx_20190410.cpp">
      <Filter>Source Files</Filter>
    </ClCompile>
    <ClCompile Include="lib\counter_n_20190426.cpp">
      <Filter>Source Files</Filter>
    </ClCompile>
    <ClCompile Include="lib\electronic_polarization_controller_20181220.cpp">
      <Filter>Source Files</Filter>
    </ClCompile>
    <ClCompile Include="lib\one_to_n_20190410.cpp">
      <Filter>Source Files</Filter>
    </ClCompile>
    <ClCompile Include="lib\polarization_modulator_20190418.cpp">
      <Filter>Source Files</Filter>
    </ClCompile>
    <ClCompile Include="lib\polarization_rotator_20190319.cpp">
      <Filter>Source Files</Filter>
    </ClCompile>
    <ClCompile Include="lib\qber_20190418.cpp">
      <Filter>Source Files</Filter>
    </ClCompile>
    <ClCompile Include="lib\quantum_channel_dv_20190410.cpp">
      <Filter>Source Files</Filter>
    </ClCompile>
    <ClCompile Include="lib\random_sop_compensation_20190418.cpp">
      <Filter>Source Files</Filter>
    </ClCompile>
    <ClCompile Include="lib\single_photon_detector_20190418.cpp">
      <Filter>Source Files</Filter>
    </ClCompile>
    <ClCompile Include="lib\sop_rotator_20180815.cpp">
      <Filter>Source Files</Filter>
    </ClCompile>
  </ItemGroup>
  <ItemGroup>
    <ClInclude Include="..\..\include\netxpto_20180815.h">
      <Filter>Header Files</Filter>
    </ClInclude>
    <ClInclude Include="..\..\include\mux2To1_20190404.h">
      <Filter>Header Files</Filter>
    </ClInclude>
    <ClInclude Include="..\..\include\parallelToSerial_20190404.h">
      <Filter>Header Files</Filter>
    </ClInclude>
    <ClInclude Include="..\..\include\binary_source_20180815.h">
      <Filter>Header Files</Filter>
    </ClInclude>
    <ClInclude Include="..\..\include\m_qam_mapper_20180815.h">
      <Filter>Header Files</Filter>
    </ClInclude>
    <ClInclude Include="..\..\include\sink_20180815.h">
      <Filter>Header Files</Filter>
    </ClInclude>
    <ClInclude Include="..\..\include\discrete_to_continuous_time_20190406.h">
      <Filter>Header Files</Filter>
    </ClInclude>
    <ClInclude Include="..\..\include\pulse_shaper_20180815.h">
      <Filter>Header Files</Filter>
    </ClInclude>
    <ClInclude Include="..\..\include\laser_20190408.h">
      <Filter>Header Files</Filter>
    </ClInclude>
    <ClInclude Include="..\..\include\time_delay_20180815.h">
      <Filter>Header Files</Filter>
    </ClInclude>
    <ClInclude Include="..\..\include\optical_attenuator_20180304.h">
      <Filter>Header Files</Filter>
    </ClInclude>
    <ClInclude Include="..\..\include\fork_20180815.h">
      <Filter>Header Files</Filter>
    </ClInclude>
    <ClInclude Include="..\..\include\clock_20181113.h">
      <Filter>Header Files</Filter>
    </ClInclude>
    <ClInclude Include="..\..\include\polarization_beam_splitter_20181113.h">
      <Filter>Header Files</Filter>
    </ClInclude>
    <ClInclude Include="..\..\include\coincidence_detector_20181113.h">
      <Filter>Header Files</Filter>
    </ClInclude>
    <ClInclude Include="include\AliceQTx_20190404.h">
      <Filter>Header Files</Filter>
    </ClInclude>
    <ClInclude Include="include\amplitude_modulator_20190418.h">
      <Filter>Header Files</Filter>
    </ClInclude>
    <ClInclude Include="include\BobQRx_20190410.h">
      <Filter>Header Files</Filter>
    </ClInclude>
    <ClInclude Include="include\counter_n_20190426.h">
      <Filter>Header Files</Filter>
    </ClInclude>
    <ClInclude Include="include\electronic_polarization_controller_20181220.h">
      <Filter>Header Files</Filter>
    </ClInclude>
    <ClInclude Include="include\one_to_n_20190410.h">
      <Filter>Header Files</Filter>
    </ClInclude>
    <ClInclude Include="include\polarization_modulator_20190418.h">
      <Filter>Header Files</Filter>
    </ClInclude>
    <ClInclude Include="include\polarization_rotator_20190319.h">
      <Filter>Header Files</Filter>
    </ClInclude>
    <ClInclude Include="include\qber_20190418.h">
      <Filter>Header Files</Filter>
    </ClInclude>
    <ClInclude Include="include\quantum_channel_dv_20190410.h">
      <Filter>Header Files</Filter>
    </ClInclude>
    <ClInclude Include="include\random_sop_compensation_20190418.h">
      <Filter>Header Files</Filter>
    </ClInclude>
    <ClInclude Include="include\single_photon_detector_20190418.h">
      <Filter>Header Files</Filter>
    </ClInclude>
    <ClInclude Include="include\sop_rotator_20180815.h">
      <Filter>Header Files</Filter>
    </ClInclude>
  </ItemGroup>
</Project>