
Microsoft Visual Studio Solution File, Format Version 12.00
# Visual Studio 15
VisualStudioVersion = 15.0.28307.902
MinimumVisualStudioVersion = 10.0.40219.1
Project("{8BC9CEB8-8B4A-11D0-8D11-00A0C91BC942}") = "teste_serial_port", "teste_serial_port.vcxproj", "{36A28294-E2C4-4DEB-9FDC-BFE4176BB2DD}"
EndProject
Global
	GlobalSection(SolutionConfigurationPlatforms) = preSolution
		Debug|x64 = Debug|x64
		Debug|x86 = Debug|x86
		Release|x64 = Release|x64
		Release|x86 = Release|x86
	EndGlobalSection
	GlobalSection(ProjectConfigurationPlatforms) = postSolution
		{36A28294-E2C4-4DEB-9FDC-BFE4176BB2DD}.Debug|x64.ActiveCfg = Debug|x64
		{36A28294-E2C4-4DEB-9FDC-BFE4176BB2DD}.Debug|x64.Build.0 = Debug|x64
		{36A28294-E2C4-4DEB-9FDC-BFE4176BB2DD}.Debug|x86.ActiveCfg = Debug|Win32
		{36A28294-E2C4-4DEB-9FDC-BFE4176BB2DD}.Debug|x86.Build.0 = Debug|Win32
		{36A28294-E2C4-4DEB-9FDC-BFE4176BB2DD}.Release|x64.ActiveCfg = Release|x64
		{36A28294-E2C4-4DEB-9FDC-BFE4176BB2DD}.Release|x64.Build.0 = Release|x64
		{36A28294-E2C4-4DEB-9FDC-BFE4176BB2DD}.Release|x86.ActiveCfg = Release|Win32
		{36A28294-E2C4-4DEB-9FDC-BFE4176BB2DD}.Release|x86.Build.0 = Release|Win32
	EndGlobalSection
	GlobalSection(SolutionProperties) = preSolution
		HideSolutionNode = FALSE
	EndGlobalSection
	GlobalSection(ExtensibilityGlobals) = postSolution
		SolutionGuid = {86AC5F51-B104-4435-9A30-1E8F5D79C73B}
	EndGlobalSection
EndGlobal
